// !$*UTF8*$!
{
	archiveVersion = 1;
	classes = {
	};
	objectVersion = 50;
	objects = {

/* Begin PBXBuildFile section */
		D41ADC5A2511F8090096D817 /* SuggestionsDemoApp.swift in Sources */ = {isa = PBXBuildFile; fileRef = D41ADC592511F8090096D817 /* SuggestionsDemoApp.swift */; };
		D41ADC5C2511F8090096D817 /* ContentView.swift in Sources */ = {isa = PBXBuildFile; fileRef = D41ADC5B2511F8090096D817 /* ContentView.swift */; };
		D41ADC5E2511F80B0096D817 /* Assets.xcassets in Resources */ = {isa = PBXBuildFile; fileRef = D41ADC5D2511F80B0096D817 /* Assets.xcassets */; };
		D41ADC612511F80B0096D817 /* Preview Assets.xcassets in Resources */ = {isa = PBXBuildFile; fileRef = D41ADC602511F80B0096D817 /* Preview Assets.xcassets */; };
		D41ADC6B2511F81E0096D817 /* english_german.json in Resources */ = {isa = PBXBuildFile; fileRef = D41ADC692511F81E0096D817 /* english_german.json */; };
		D41ADC6C2511F81E0096D817 /* german_english.json in Resources */ = {isa = PBXBuildFile; fileRef = D41ADC6A2511F81E0096D817 /* german_english.json */; };
		D41ADC6E2511F8280096D817 /* SuggestionTextField.swift in Sources */ = {isa = PBXBuildFile; fileRef = D41ADC6D2511F8280096D817 /* SuggestionTextField.swift */; };
		D41ADC72251212A80096D817 /* DictionaryModel.swift in Sources */ = {isa = PBXBuildFile; fileRef = D41ADC71251212A80096D817 /* DictionaryModel.swift */; };
		D41ADC92251366FE0096D817 /* SuggestionsView.swift in Sources */ = {isa = PBXBuildFile; fileRef = D41ADC91251366FE0096D817 /* SuggestionsView.swift */; };
		D44818C725850F330084FAED /* SuggestionsView2.swift in Sources */ = {isa = PBXBuildFile; fileRef = D44818C625850F330084FAED /* SuggestionsView2.swift */; };
		D44818CA25850F570084FAED /* SuggestionsModel.swift in Sources */ = {isa = PBXBuildFile; fileRef = D44818C925850F570084FAED /* SuggestionsModel.swift */; };
		D4C56DC22516788C00EFEEB1 /* DebugView.swift in Sources */ = {isa = PBXBuildFile; fileRef = D4C56DC12516788C00EFEEB1 /* DebugView.swift */; };
		D4C56DC52517212A00EFEEB1 /* ForceEmphasizedView.swift in Sources */ = {isa = PBXBuildFile; fileRef = D4C56DC42517212A00EFEEB1 /* ForceEmphasizedView.swift */; };
		D4C56DD0251A4F1500EFEEB1 /* Log.swift in Sources */ = {isa = PBXBuildFile; fileRef = D4C56DCF251A4F1400EFEEB1 /* Log.swift */; };
/* End PBXBuildFile section */

/* Begin PBXFileReference section */
		D41ADC562511F8090096D817 /* SuggestionsDemo.app */ = {isa = PBXFileReference; explicitFileType = wrapper.application; includeInIndex = 0; path = SuggestionsDemo.app; sourceTree = BUILT_PRODUCTS_DIR; };
		D41ADC592511F8090096D817 /* SuggestionsDemoApp.swift */ = {isa = PBXFileReference; lastKnownFileType = sourcecode.swift; path = SuggestionsDemoApp.swift; sourceTree = "<group>"; };
		D41ADC5B2511F8090096D817 /* ContentView.swift */ = {isa = PBXFileReference; lastKnownFileType = sourcecode.swift; path = ContentView.swift; sourceTree = "<group>"; };
		D41ADC5D2511F80B0096D817 /* Assets.xcassets */ = {isa = PBXFileReference; lastKnownFileType = folder.assetcatalog; path = Assets.xcassets; sourceTree = "<group>"; };
		D41ADC602511F80B0096D817 /* Preview Assets.xcassets */ = {isa = PBXFileReference; lastKnownFileType = folder.assetcatalog; path = "Preview Assets.xcassets"; sourceTree = "<group>"; };
		D41ADC622511F80B0096D817 /* Info.plist */ = {isa = PBXFileReference; lastKnownFileType = text.plist.xml; path = Info.plist; sourceTree = "<group>"; };
		D41ADC632511F80B0096D817 /* SuggestionsDemo.entitlements */ = {isa = PBXFileReference; lastKnownFileType = text.plist.entitlements; path = SuggestionsDemo.entitlements; sourceTree = "<group>"; };
		D41ADC692511F81E0096D817 /* english_german.json */ = {isa = PBXFileReference; fileEncoding = 4; lastKnownFileType = text.json; path = english_german.json; sourceTree = "<group>"; };
		D41ADC6A2511F81E0096D817 /* german_english.json */ = {isa = PBXFileReference; fileEncoding = 4; lastKnownFileType = text.json; path = german_english.json; sourceTree = "<group>"; };
		D41ADC6D2511F8280096D817 /* SuggestionTextField.swift */ = {isa = PBXFileReference; fileEncoding = 4; lastKnownFileType = sourcecode.swift; path = SuggestionTextField.swift; sourceTree = "<group>"; };
		D41ADC71251212A80096D817 /* DictionaryModel.swift */ = {isa = PBXFileReference; lastKnownFileType = sourcecode.swift; path = DictionaryModel.swift; sourceTree = "<group>"; };
		D41ADC91251366FE0096D817 /* SuggestionsView.swift */ = {isa = PBXFileReference; lastKnownFileType = sourcecode.swift; path = SuggestionsView.swift; sourceTree = "<group>"; };
		D44818C625850F330084FAED /* SuggestionsView2.swift */ = {isa = PBXFileReference; lastKnownFileType = sourcecode.swift; path = SuggestionsView2.swift; sourceTree = "<group>"; };
		D44818C925850F570084FAED /* SuggestionsModel.swift */ = {isa = PBXFileReference; lastKnownFileType = sourcecode.swift; path = SuggestionsModel.swift; sourceTree = "<group>"; };
		D4C56DC12516788C00EFEEB1 /* DebugView.swift */ = {isa = PBXFileReference; lastKnownFileType = sourcecode.swift; path = DebugView.swift; sourceTree = "<group>"; };
		D4C56DC42517212A00EFEEB1 /* ForceEmphasizedView.swift */ = {isa = PBXFileReference; lastKnownFileType = sourcecode.swift; path = ForceEmphasizedView.swift; sourceTree = "<group>"; };
		D4C56DCF251A4F1400EFEEB1 /* Log.swift */ = {isa = PBXFileReference; fileEncoding = 4; lastKnownFileType = sourcecode.swift; path = Log.swift; sourceTree = "<group>"; };
/* End PBXFileReference section */

/* Begin PBXFrameworksBuildPhase section */
		D41ADC532511F8090096D817 /* Frameworks */ = {
			isa = PBXFrameworksBuildPhase;
			buildActionMask = 2147483647;
			files = (
			);
			runOnlyForDeploymentPostprocessing = 0;
		};
/* End PBXFrameworksBuildPhase section */

/* Begin PBXGroup section */
		D41ADC4D2511F8090096D817 = {
			isa = PBXGroup;
			children = (
				D41ADC582511F8090096D817 /* SuggestionsDemo */,
				D41ADC572511F8090096D817 /* Products */,
			);
			sourceTree = "<group>";
		};
		D41ADC572511F8090096D817 /* Products */ = {
			isa = PBXGroup;
			children = (
				D41ADC562511F8090096D817 /* SuggestionsDemo.app */,
			);
			name = Products;
			sourceTree = "<group>";
		};
		D41ADC582511F8090096D817 /* SuggestionsDemo */ = {
			isa = PBXGroup;
			children = (
				D41ADC692511F81E0096D817 /* english_german.json */,
				D41ADC6A2511F81E0096D817 /* german_english.json */,
				D41ADC592511F8090096D817 /* SuggestionsDemoApp.swift */,
				D41ADC71251212A80096D817 /* DictionaryModel.swift */,
				D41ADC5B2511F8090096D817 /* ContentView.swift */,
				D4C56DCF251A4F1400EFEEB1 /* Log.swift */,
				D41ADC6D2511F8280096D817 /* SuggestionTextField.swift */,
				D44818C925850F570084FAED /* SuggestionsModel.swift */,
				D41ADC91251366FE0096D817 /* SuggestionsView.swift */,
				D44818C625850F330084FAED /* SuggestionsView2.swift */,
				D4C56DC12516788C00EFEEB1 /* DebugView.swift */,
				D4C56DC42517212A00EFEEB1 /* ForceEmphasizedView.swift */,
				D41ADC5D2511F80B0096D817 /* Assets.xcassets */,
				D41ADC622511F80B0096D817 /* Info.plist */,
				D41ADC632511F80B0096D817 /* SuggestionsDemo.entitlements */,
				D41ADC5F2511F80B0096D817 /* Preview Content */,
			);
			path = SuggestionsDemo;
			sourceTree = "<group>";
		};
		D41ADC5F2511F80B0096D817 /* Preview Content */ = {
			isa = PBXGroup;
			children = (
				D41ADC602511F80B0096D817 /* Preview Assets.xcassets */,
			);
			path = "Preview Content";
			sourceTree = "<group>";
		};
/* End PBXGroup section */

/* Begin PBXNativeTarget section */
		D41ADC552511F8090096D817 /* SuggestionsDemo */ = {
			isa = PBXNativeTarget;
			buildConfigurationList = D41ADC662511F80B0096D817 /* Build configuration list for PBXNativeTarget "SuggestionsDemo" */;
			buildPhases = (
				D41ADC522511F8090096D817 /* Sources */,
				D41ADC532511F8090096D817 /* Frameworks */,
				D41ADC542511F8090096D817 /* Resources */,
			);
			buildRules = (
			);
			dependencies = (
			);
			name = SuggestionsDemo;
			productName = SuggestionsDemo;
			productReference = D41ADC562511F8090096D817 /* SuggestionsDemo.app */;
			productType = "com.apple.product-type.application";
		};
/* End PBXNativeTarget section */

/* Begin PBXProject section */
		D41ADC4E2511F8090096D817 /* Project object */ = {
			isa = PBXProject;
			attributes = {
				LastSwiftUpdateCheck = 1200;
				LastUpgradeCheck = 1200;
				TargetAttributes = {
					D41ADC552511F8090096D817 = {
						CreatedOnToolsVersion = 12.0;
					};
				};
			};
			buildConfigurationList = D41ADC512511F8090096D817 /* Build configuration list for PBXProject "SuggestionsDemo" */;
			compatibilityVersion = "Xcode 9.3";
			developmentRegion = en;
			hasScannedForEncodings = 0;
			knownRegions = (
				en,
				Base,
			);
			mainGroup = D41ADC4D2511F8090096D817;
			productRefGroup = D41ADC572511F8090096D817 /* Products */;
			projectDirPath = "";
			projectRoot = "";
			targets = (
				D41ADC552511F8090096D817 /* SuggestionsDemo */,
			);
		};
/* End PBXProject section */

/* Begin PBXResourcesBuildPhase section */
		D41ADC542511F8090096D817 /* Resources */ = {
			isa = PBXResourcesBuildPhase;
			buildActionMask = 2147483647;
			files = (
				D41ADC612511F80B0096D817 /* Preview Assets.xcassets in Resources */,
				D41ADC5E2511F80B0096D817 /* Assets.xcassets in Resources */,
				D41ADC6C2511F81E0096D817 /* german_english.json in Resources */,
				D41ADC6B2511F81E0096D817 /* english_german.json in Resources */,
			);
			runOnlyForDeploymentPostprocessing = 0;
		};
/* End PBXResourcesBuildPhase section */

/* Begin PBXSourcesBuildPhase section */
		D41ADC522511F8090096D817 /* Sources */ = {
			isa = PBXSourcesBuildPhase;
			buildActionMask = 2147483647;
			files = (
				D4C56DC52517212A00EFEEB1 /* ForceEmphasizedView.swift in Sources */,
				D41ADC92251366FE0096D817 /* SuggestionsView.swift in Sources */,
				D4C56DD0251A4F1500EFEEB1 /* Log.swift in Sources */,
				D41ADC6E2511F8280096D817 /* SuggestionTextField.swift in Sources */,
				D41ADC72251212A80096D817 /* DictionaryModel.swift in Sources */,
				D44818CA25850F570084FAED /* SuggestionsModel.swift in Sources */,
				D44818C725850F330084FAED /* SuggestionsView2.swift in Sources */,
				D4C56DC22516788C00EFEEB1 /* DebugView.swift in Sources */,
				D41ADC5C2511F8090096D817 /* ContentView.swift in Sources */,
				D41ADC5A2511F8090096D817 /* SuggestionsDemoApp.swift in Sources */,
			);
			runOnlyForDeploymentPostprocessing = 0;
		};
/* End PBXSourcesBuildPhase section */

/* Begin XCBuildConfiguration section */
		D41ADC642511F80B0096D817 /* Debug */ = {
			isa = XCBuildConfiguration;
			buildSettings = {
				ALWAYS_SEARCH_USER_PATHS = NO;
				CLANG_ANALYZER_NONNULL = YES;
				CLANG_ANALYZER_NUMBER_OBJECT_CONVERSION = YES_AGGRESSIVE;
				CLANG_CXX_LANGUAGE_STANDARD = "gnu++14";
				CLANG_CXX_LIBRARY = "libc++";
				CLANG_ENABLE_MODULES = YES;
				CLANG_ENABLE_OBJC_ARC = YES;
				CLANG_ENABLE_OBJC_WEAK = YES;
				CLANG_WARN_BLOCK_CAPTURE_AUTORELEASING = YES;
				CLANG_WARN_BOOL_CONVERSION = YES;
				CLANG_WARN_COMMA = YES;
				CLANG_WARN_CONSTANT_CONVERSION = YES;
				CLANG_WARN_DEPRECATED_OBJC_IMPLEMENTATIONS = YES;
				CLANG_WARN_DIRECT_OBJC_ISA_USAGE = YES_ERROR;
				CLANG_WARN_DOCUMENTATION_COMMENTS = YES;
				CLANG_WARN_EMPTY_BODY = YES;
				CLANG_WARN_ENUM_CONVERSION = YES;
				CLANG_WARN_INFINITE_RECURSION = YES;
				CLANG_WARN_INT_CONVERSION = YES;
				CLANG_WARN_NON_LITERAL_NULL_CONVERSION = YES;
				CLANG_WARN_OBJC_IMPLICIT_RETAIN_SELF = YES;
				CLANG_WARN_OBJC_LITERAL_CONVERSION = YES;
				CLANG_WARN_OBJC_ROOT_CLASS = YES_ERROR;
				CLANG_WARN_QUOTED_INCLUDE_IN_FRAMEWORK_HEADER = YES;
				CLANG_WARN_RANGE_LOOP_ANALYSIS = YES;
				CLANG_WARN_STRICT_PROTOTYPES = YES;
				CLANG_WARN_SUSPICIOUS_MOVE = YES;
				CLANG_WARN_UNGUARDED_AVAILABILITY = YES_AGGRESSIVE;
				CLANG_WARN_UNREACHABLE_CODE = YES;
				CLANG_WARN__DUPLICATE_METHOD_MATCH = YES;
				COPY_PHASE_STRIP = NO;
				DEBUG_INFORMATION_FORMAT = dwarf;
				ENABLE_STRICT_OBJC_MSGSEND = YES;
				ENABLE_TESTABILITY = YES;
				GCC_C_LANGUAGE_STANDARD = gnu11;
				GCC_DYNAMIC_NO_PIC = NO;
				GCC_NO_COMMON_BLOCKS = YES;
				GCC_OPTIMIZATION_LEVEL = 0;
				GCC_PREPROCESSOR_DEFINITIONS = (
					"DEBUG=1",
					"$(inherited)",
				);
				GCC_WARN_64_TO_32_BIT_CONVERSION = YES;
				GCC_WARN_ABOUT_RETURN_TYPE = YES_ERROR;
				GCC_WARN_UNDECLARED_SELECTOR = YES;
				GCC_WARN_UNINITIALIZED_AUTOS = YES_AGGRESSIVE;
				GCC_WARN_UNUSED_FUNCTION = YES;
				GCC_WARN_UNUSED_VARIABLE = YES;
				MACOSX_DEPLOYMENT_TARGET = 11.0;
				MTL_ENABLE_DEBUG_INFO = INCLUDE_SOURCE;
				MTL_FAST_MATH = YES;
				ONLY_ACTIVE_ARCH = YES;
				SDKROOT = macosx;
				SWIFT_ACTIVE_COMPILATION_CONDITIONS = DEBUG;
				SWIFT_OPTIMIZATION_LEVEL = "-Onone";
			};
			name = Debug;
		};
		D41ADC652511F80B0096D817 /* Release */ = {
			isa = XCBuildConfiguration;
			buildSettings = {
				ALWAYS_SEARCH_USER_PATHS = NO;
				CLANG_ANALYZER_NONNULL = YES;
				CLANG_ANALYZER_NUMBER_OBJECT_CONVERSION = YES_AGGRESSIVE;
				CLANG_CXX_LANGUAGE_STANDARD = "gnu++14";
				CLANG_CXX_LIBRARY = "libc++";
				CLANG_ENABLE_MODULES = YES;
				CLANG_ENABLE_OBJC_ARC = YES;
				CLANG_ENABLE_OBJC_WEAK = YES;
				CLANG_WARN_BLOCK_CAPTURE_AUTORELEASING = YES;
				CLANG_WARN_BOOL_CONVERSION = YES;
				CLANG_WARN_COMMA = YES;
				CLANG_WARN_CONSTANT_CONVERSION = YES;
				CLANG_WARN_DEPRECATED_OBJC_IMPLEMENTATIONS = YES;
				CLANG_WARN_DIRECT_OBJC_ISA_USAGE = YES_ERROR;
				CLANG_WARN_DOCUMENTATION_COMMENTS = YES;
				CLANG_WARN_EMPTY_BODY = YES;
				CLANG_WARN_ENUM_CONVERSION = YES;
				CLANG_WARN_INFINITE_RECURSION = YES;
				CLANG_WARN_INT_CONVERSION = YES;
				CLANG_WARN_NON_LITERAL_NULL_CONVERSION = YES;
				CLANG_WARN_OBJC_IMPLICIT_RETAIN_SELF = YES;
				CLANG_WARN_OBJC_LITERAL_CONVERSION = YES;
				CLANG_WARN_OBJC_ROOT_CLASS = YES_ERROR;
				CLANG_WARN_QUOTED_INCLUDE_IN_FRAMEWORK_HEADER = YES;
				CLANG_WARN_RANGE_LOOP_ANALYSIS = YES;
				CLANG_WARN_STRICT_PROTOTYPES = YES;
				CLANG_WARN_SUSPICIOUS_MOVE = YES;
				CLANG_WARN_UNGUARDED_AVAILABILITY = YES_AGGRESSIVE;
				CLANG_WARN_UNREACHABLE_CODE = YES;
				CLANG_WARN__DUPLICATE_METHOD_MATCH = YES;
				COPY_PHASE_STRIP = NO;
				DEBUG_INFORMATION_FORMAT = "dwarf-with-dsym";
				ENABLE_NS_ASSERTIONS = NO;
				ENABLE_STRICT_OBJC_MSGSEND = YES;
				GCC_C_LANGUAGE_STANDARD = gnu11;
				GCC_NO_COMMON_BLOCKS = YES;
				GCC_WARN_64_TO_32_BIT_CONVERSION = YES;
				GCC_WARN_ABOUT_RETURN_TYPE = YES_ERROR;
				GCC_WARN_UNDECLARED_SELECTOR = YES;
				GCC_WARN_UNINITIALIZED_AUTOS = YES_AGGRESSIVE;
				GCC_WARN_UNUSED_FUNCTION = YES;
				GCC_WARN_UNUSED_VARIABLE = YES;
				MACOSX_DEPLOYMENT_TARGET = 11.0;
				MTL_ENABLE_DEBUG_INFO = NO;
				MTL_FAST_MATH = YES;
				SDKROOT = macosx;
				SWIFT_COMPILATION_MODE = wholemodule;
				SWIFT_OPTIMIZATION_LEVEL = "-O";
			};
			name = Release;
		};
		D41ADC672511F80B0096D817 /* Debug */ = {
			isa = XCBuildConfiguration;
			buildSettings = {
				ASSETCATALOG_COMPILER_APPICON_NAME = AppIcon;
				ASSETCATALOG_COMPILER_GLOBAL_ACCENT_COLOR_NAME = AccentColor;
				CODE_SIGN_ENTITLEMENTS = SuggestionsDemo/SuggestionsDemo.entitlements;
				CODE_SIGN_STYLE = Automatic;
				COMBINE_HIDPI_IMAGES = YES;
				DEVELOPMENT_ASSET_PATHS = "\"SuggestionsDemo/Preview Content\"";
				DEVELOPMENT_TEAM = FM8D87FYPH;
				ENABLE_HARDENED_RUNTIME = YES;
				ENABLE_PREVIEWS = YES;
				INFOPLIST_FILE = SuggestionsDemo/Info.plist;
				LD_RUNPATH_SEARCH_PATHS = (
					"$(inherited)",
					"@executable_path/../Frameworks",
				);
				MACOSX_DEPLOYMENT_TARGET = 11.0;
				PRODUCT_BUNDLE_IDENTIFIER = de.stephanmichels.SuggestionsDemo;
				PRODUCT_NAME = "$(TARGET_NAME)";
				SWIFT_VERSION = 5.0;
			};
			name = Debug;
		};
		D41ADC682511F80B0096D817 /* Release */ = {
			isa = XCBuildConfiguration;
			buildSettings = {
				ASSETCATALOG_COMPILER_APPICON_NAME = AppIcon;
				ASSETCATALOG_COMPILER_GLOBAL_ACCENT_COLOR_NAME = AccentColor;
				CODE_SIGN_ENTITLEMENTS = SuggestionsDemo/SuggestionsDemo.entitlements;
				CODE_SIGN_STYLE = Automatic;
				COMBINE_HIDPI_IMAGES = YES;
				DEVELOPMENT_ASSET_PATHS = "\"SuggestionsDemo/Preview Content\"";
				DEVELOPMENT_TEAM = FM8D87FYPH;
				ENABLE_HARDENED_RUNTIME = YES;
				ENABLE_PREVIEWS = YES;
				INFOPLIST_FILE = SuggestionsDemo/Info.plist;
				LD_RUNPATH_SEARCH_PATHS = (
					"$(inherited)",
					"@executable_path/../Frameworks",
				);
				MACOSX_DEPLOYMENT_TARGET = 11.0;
				PRODUCT_BUNDLE_IDENTIFIER = de.stephanmichels.SuggestionsDemo;
				PRODUCT_NAME = "$(TARGET_NAME)";
				SWIFT_VERSION = 5.0;
			};
			name = Release;
		};
/* End XCBuildConfiguration section */

/* Begin XCConfigurationList section */
		D41ADC512511F8090096D817 /* Build configuration list for PBXProject "SuggestionsDemo" */ = {
			isa = XCConfigurationList;
			buildConfigurations = (
				D41ADC642511F80B0096D817 /* Debug */,
				D41ADC652511F80B0096D817 /* Release */,
			);
			defaultConfigurationIsVisible = 0;
			defaultConfigurationName = Release;
		};
		D41ADC662511F80B0096D817 /* Build configuration list for PBXNativeTarget "SuggestionsDemo" */ = {
			isa = XCConfigurationList;
			buildConfigurations = (
				D41ADC672511F80B0096D817 /* Debug */,
				D41ADC682511F80B0096D817 /* Release */,
			);
			defaultConfigurationIsVisible = 0;
			defaultConfigurationName = Release;
		};
/* End XCConfigurationList section */
	};
	rootObject = D41ADC4E2511F8090096D817 /* Project object */;
}
